# This file is automatically @generated by Cargo.
# It is not intended for manual editing.
version = 3

[[package]]
name = "hello_macro"
version = "0.1.0"

[[package]]
name = "hello_macro_derive"
version = "0.1.0"

[[package]]
name = "project"
version = "0.1.0"
dependencies = [
 "hello_macro",
 "hello_macro_derive",
]
